
Microsoft Visual Studio Solution File, Format Version 12.00
# Visual Studio Version 16
VisualStudioVersion = 16.0.29926.136
MinimumVisualStudioVersion = 10.0.40219.1
Project("{FAE04EC0-301F-11D3-BF4B-00C04F79EFBC}") = "MonitoringTemp", "MonitoringTemp\MonitoringTemp.csproj", "{B48B9FED-C094-48D2-9730-FCB350AC9BD2}"
EndProject
Global
	GlobalSection(SolutionConfigurationPlatforms) = preSolution
		Debug|Any CPU = Debug|Any CPU
		Release|Any CPU = Release|Any CPU
	EndGlobalSection
	GlobalSection(ProjectConfigurationPlatforms) = postSolution
		{B48B9FED-C094-48D2-9730-FCB350AC9BD2}.Debug|Any CPU.ActiveCfg = Debug|Any CPU
		{B48B9FED-C094-48D2-9730-FCB350AC9BD2}.Debug|Any CPU.Build.0 = Debug|Any CPU
		{B48B9FED-C094-48D2-9730-FCB350AC9BD2}.Release|Any CPU.ActiveCfg = Release|Any CPU
		{B48B9FED-C094-48D2-9730-FCB350AC9BD2}.Release|Any CPU.Build.0 = Release|Any CPU
	EndGlobalSection
	GlobalSection(SolutionProperties) = preSolution
		HideSolutionNode = FALSE
	EndGlobalSection
	GlobalSection(ExtensibilityGlobals) = postSolution
		SolutionGuid = {302F4244-75F3-4755-8E77-76F682CEE76C}
	EndGlobalSection
EndGlobal
